// !$*UTF8*$!
{
	archiveVersion = 1;
	classes = {
	};
	objectVersion = 50;
	objects = {

/* Begin PBXBuildFile section */
		84AAF1B99506B4F530E43FCE /* Pods_FinancialElephant.framework in Frameworks */ = {isa = PBXBuildFile; fileRef = F4C0DB00C95B942D1FA977BB /* Pods_FinancialElephant.framework */; };
		861BD59E2565908300E17908 /* AppDelegate.swift in Sources */ = {isa = PBXBuildFile; fileRef = 861BD59D2565908300E17908 /* AppDelegate.swift */; };
		861BD5A02565908300E17908 /* SceneDelegate.swift in Sources */ = {isa = PBXBuildFile; fileRef = 861BD59F2565908300E17908 /* SceneDelegate.swift */; };
		861BD5A22565908300E17908 /* ViewController.swift in Sources */ = {isa = PBXBuildFile; fileRef = 861BD5A12565908300E17908 /* ViewController.swift */; };
		861BD5A52565908300E17908 /* Main.storyboard in Resources */ = {isa = PBXBuildFile; fileRef = 861BD5A32565908300E17908 /* Main.storyboard */; };
		861BD5A72565908400E17908 /* Assets.xcassets in Resources */ = {isa = PBXBuildFile; fileRef = 861BD5A62565908400E17908 /* Assets.xcassets */; };
		861BD5AA2565908400E17908 /* LaunchScreen.storyboard in Resources */ = {isa = PBXBuildFile; fileRef = 861BD5A82565908400E17908 /* LaunchScreen.storyboard */; };
/* End PBXBuildFile section */

/* Begin PBXFileReference section */
		861BD59A2565908300E17908 /* FinancialElephant.app */ = {isa = PBXFileReference; explicitFileType = wrapper.application; includeInIndex = 0; path = FinancialElephant.app; sourceTree = BUILT_PRODUCTS_DIR; };
		861BD59D2565908300E17908 /* AppDelegate.swift */ = {isa = PBXFileReference; lastKnownFileType = sourcecode.swift; path = AppDelegate.swift; sourceTree = "<group>"; };
		861BD59F2565908300E17908 /* SceneDelegate.swift */ = {isa = PBXFileReference; lastKnownFileType = sourcecode.swift; path = SceneDelegate.swift; sourceTree = "<group>"; };
		861BD5A12565908300E17908 /* ViewController.swift */ = {isa = PBXFileReference; lastKnownFileType = sourcecode.swift; path = ViewController.swift; sourceTree = "<group>"; };
		861BD5A42565908300E17908 /* Base */ = {isa = PBXFileReference; lastKnownFileType = file.storyboard; name = Base; path = Base.lproj/Main.storyboard; sourceTree = "<group>"; };
		861BD5A62565908400E17908 /* Assets.xcassets */ = {isa = PBXFileReference; lastKnownFileType = folder.assetcatalog; path = Assets.xcassets; sourceTree = "<group>"; };
		861BD5A92565908400E17908 /* Base */ = {isa = PBXFileReference; lastKnownFileType = file.storyboard; name = Base; path = Base.lproj/LaunchScreen.storyboard; sourceTree = "<group>"; };
		861BD5AB2565908400E17908 /* Info.plist */ = {isa = PBXFileReference; lastKnownFileType = text.plist.xml; path = Info.plist; sourceTree = "<group>"; };
		9D128C01CD57DEBBE21D2099 /* Pods-FinancialElephant.release.xcconfig */ = {isa = PBXFileReference; includeInIndex = 1; lastKnownFileType = text.xcconfig; name = "Pods-FinancialElephant.release.xcconfig"; path = "Target Support Files/Pods-FinancialElephant/Pods-FinancialElephant.release.xcconfig"; sourceTree = "<group>"; };
		DA8BBED780ADED69DA691F26 /* Pods-FinancialElephant.debug.xcconfig */ = {isa = PBXFileReference; includeInIndex = 1; lastKnownFileType = text.xcconfig; name = "Pods-FinancialElephant.debug.xcconfig"; path = "Target Support Files/Pods-FinancialElephant/Pods-FinancialElephant.debug.xcconfig"; sourceTree = "<group>"; };
		F4C0DB00C95B942D1FA977BB /* Pods_FinancialElephant.framework */ = {isa = PBXFileReference; explicitFileType = wrapper.framework; includeInIndex = 0; path = Pods_FinancialElephant.framework; sourceTree = BUILT_PRODUCTS_DIR; };
/* End PBXFileReference section */

/* Begin PBXFrameworksBuildPhase section */
		861BD5972565908300E17908 /* Frameworks */ = {
			isa = PBXFrameworksBuildPhase;
			buildActionMask = 2147483647;
			files = (
				84AAF1B99506B4F530E43FCE /* Pods_FinancialElephant.framework in Frameworks */,
			);
			runOnlyForDeploymentPostprocessing = 0;
		};
/* End PBXFrameworksBuildPhase section */

/* Begin PBXGroup section */
		317F1DFCAB6210D0F9943820 /* Frameworks */ = {
			isa = PBXGroup;
			children = (
				F4C0DB00C95B942D1FA977BB /* Pods_FinancialElephant.framework */,
			);
			name = Frameworks;
			sourceTree = "<group>";
		};
		861BD5912565908300E17908 = {
			isa = PBXGroup;
			children = (
				861BD59C2565908300E17908 /* FinancialElephant */,
				861BD59B2565908300E17908 /* Products */,
				FB03B0AA9C3590C2315771D0 /* Pods */,
				317F1DFCAB6210D0F9943820 /* Frameworks */,
			);
			sourceTree = "<group>";
		};
		861BD59B2565908300E17908 /* Products */ = {
			isa = PBXGroup;
			children = (
				861BD59A2565908300E17908 /* FinancialElephant.app */,
			);
			name = Products;
			sourceTree = "<group>";
		};
		861BD59C2565908300E17908 /* FinancialElephant */ = {
			isa = PBXGroup;
			children = (
				861BD59D2565908300E17908 /* AppDelegate.swift */,
				861BD59F2565908300E17908 /* SceneDelegate.swift */,
				861BD5A12565908300E17908 /* ViewController.swift */,
				861BD5A32565908300E17908 /* Main.storyboard */,
				861BD5A62565908400E17908 /* Assets.xcassets */,
				861BD5A82565908400E17908 /* LaunchScreen.storyboard */,
				861BD5AB2565908400E17908 /* Info.plist */,
			);
			path = FinancialElephant;
			sourceTree = "<group>";
		};
		FB03B0AA9C3590C2315771D0 /* Pods */ = {
			isa = PBXGroup;
			children = (
				DA8BBED780ADED69DA691F26 /* Pods-FinancialElephant.debug.xcconfig */,
				9D128C01CD57DEBBE21D2099 /* Pods-FinancialElephant.release.xcconfig */,
			);
			name = Pods;
			path = Pods;
			sourceTree = "<group>";
		};
/* End PBXGroup section */

/* Begin PBXNativeTarget section */
		861BD5992565908300E17908 /* FinancialElephant */ = {
			isa = PBXNativeTarget;
			buildConfigurationList = 861BD5AE2565908400E17908 /* Build configuration list for PBXNativeTarget "FinancialElephant" */;
			buildPhases = (
				238ABC953AD74CE6FEECD146 /* [CP] Check Pods Manifest.lock */,
				861BD5962565908300E17908 /* Sources */,
				861BD5972565908300E17908 /* Frameworks */,
				861BD5982565908300E17908 /* Resources */,
				822BC53612194F0854874E93 /* [CP] Embed Pods Frameworks */,
			);
			buildRules = (
			);
			dependencies = (
			);
			name = FinancialElephant;
			productName = FinancialElephant;
			productReference = 861BD59A2565908300E17908 /* FinancialElephant.app */;
			productType = "com.apple.product-type.application";
		};
/* End PBXNativeTarget section */

/* Begin PBXProject section */
		861BD5922565908300E17908 /* Project object */ = {
			isa = PBXProject;
			attributes = {
				LastSwiftUpdateCheck = 1220;
				LastUpgradeCheck = 1220;
				TargetAttributes = {
					861BD5992565908300E17908 = {
						CreatedOnToolsVersion = 12.2;
					};
				};
			};
			buildConfigurationList = 861BD5952565908300E17908 /* Build configuration list for PBXProject "FinancialElephant" */;
			compatibilityVersion = "Xcode 9.3";
			developmentRegion = en;
			hasScannedForEncodings = 0;
			knownRegions = (
				en,
				Base,
			);
			mainGroup = 861BD5912565908300E17908;
			productRefGroup = 861BD59B2565908300E17908 /* Products */;
			projectDirPath = "";
			projectRoot = "";
			targets = (
				861BD5992565908300E17908 /* FinancialElephant */,
			);
		};
/* End PBXProject section */

/* Begin PBXResourcesBuildPhase section */
		861BD5982565908300E17908 /* Resources */ = {
			isa = PBXResourcesBuildPhase;
			buildActionMask = 2147483647;
			files = (
				861BD5AA2565908400E17908 /* LaunchScreen.storyboard in Resources */,
				861BD5A72565908400E17908 /* Assets.xcassets in Resources */,
				861BD5A52565908300E17908 /* Main.storyboard in Resources */,
			);
			runOnlyForDeploymentPostprocessing = 0;
		};
/* End PBXResourcesBuildPhase section */

/* Begin PBXShellScriptBuildPhase section */
		238ABC953AD74CE6FEECD146 /* [CP] Check Pods Manifest.lock */ = {
			isa = PBXShellScriptBuildPhase;
			buildActionMask = 2147483647;
			files = (
			);
			inputFileListPaths = (
			);
			inputPaths = (
				"${PODS_PODFILE_DIR_PATH}/Podfile.lock",
				"${PODS_ROOT}/Manifest.lock",
			);
			name = "[CP] Check Pods Manifest.lock";
			outputFileListPaths = (
			);
			outputPaths = (
				"$(DERIVED_FILE_DIR)/Pods-FinancialElephant-checkManifestLockResult.txt",
			);
			runOnlyForDeploymentPostprocessing = 0;
			shellPath = /bin/sh;
			shellScript = "diff \"${PODS_PODFILE_DIR_PATH}/Podfile.lock\" \"${PODS_ROOT}/Manifest.lock\" > /dev/null\nif [ $? != 0 ] ; then\n    # print error to STDERR\n    echo \"error: The sandbox is not in sync with the Podfile.lock. Run 'pod install' or update your CocoaPods installation.\" >&2\n    exit 1\nfi\n# This output is used by Xcode 'outputs' to avoid re-running this script phase.\necho \"SUCCESS\" > \"${SCRIPT_OUTPUT_FILE_0}\"\n";
			showEnvVarsInLog = 0;
		};
		822BC53612194F0854874E93 /* [CP] Embed Pods Frameworks */ = {
			isa = PBXShellScriptBuildPhase;
			buildActionMask = 2147483647;
			files = (
			);
			inputFileListPaths = (
				"${PODS_ROOT}/Target Support Files/Pods-FinancialElephant/Pods-FinancialElephant-frameworks-${CONFIGURATION}-input-files.xcfilelist",
			);
			name = "[CP] Embed Pods Frameworks";
			outputFileListPaths = (
				"${PODS_ROOT}/Target Support Files/Pods-FinancialElephant/Pods-FinancialElephant-frameworks-${CONFIGURATION}-output-files.xcfilelist",
			);
			runOnlyForDeploymentPostprocessing = 0;
			shellPath = /bin/sh;
			shellScript = "\"${PODS_ROOT}/Target Support Files/Pods-FinancialElephant/Pods-FinancialElephant-frameworks.sh\"\n";
			showEnvVarsInLog = 0;
		};
/* End PBXShellScriptBuildPhase section */

/* Begin PBXSourcesBuildPhase section */
		861BD5962565908300E17908 /* Sources */ = {
			isa = PBXSourcesBuildPhase;
			buildActionMask = 2147483647;
			files = (
				861BD5A22565908300E17908 /* ViewController.swift in Sources */,
				861BD59E2565908300E17908 /* AppDelegate.swift in Sources */,
				861BD5A02565908300E17908 /* SceneDelegate.swift in Sources */,
			);
			runOnlyForDeploymentPostprocessing = 0;
		};
/* End PBXSourcesBuildPhase section */

/* Begin PBXVariantGroup section */
		861BD5A32565908300E17908 /* Main.storyboard */ = {
			isa = PBXVariantGroup;
			children = (
				861BD5A42565908300E17908 /* Base */,
			);
			name = Main.storyboard;
			sourceTree = "<group>";
		};
		861BD5A82565908400E17908 /* LaunchScreen.storyboard */ = {
			isa = PBXVariantGroup;
			children = (
				861BD5A92565908400E17908 /* Base */,
			);
			name = LaunchScreen.storyboard;
			sourceTree = "<group>";
		};
/* End PBXVariantGroup section */

/* Begin XCBuildConfiguration section */
		861BD5AC2565908400E17908 /* Debug */ = {
			isa = XCBuildConfiguration;
			buildSettings = {
				ALWAYS_SEARCH_USER_PATHS = NO;
				CLANG_ANALYZER_NONNULL = YES;
				CLANG_ANALYZER_NUMBER_OBJECT_CONVERSION = YES_AGGRESSIVE;
				CLANG_CXX_LANGUAGE_STANDARD = "gnu++14";
				CLANG_CXX_LIBRARY = "libc++";
				CLANG_ENABLE_MODULES = YES;
				CLANG_ENABLE_OBJC_ARC = YES;
				CLANG_ENABLE_OBJC_WEAK = YES;
				CLANG_WARN_BLOCK_CAPTURE_AUTORELEASING = YES;
				CLANG_WARN_BOOL_CONVERSION = YES;
				CLANG_WARN_COMMA = YES;
				CLANG_WARN_CONSTANT_CONVERSION = YES;
				CLANG_WARN_DEPRECATED_OBJC_IMPLEMENTATIONS = YES;
				CLANG_WARN_DIRECT_OBJC_ISA_USAGE = YES_ERROR;
				CLANG_WARN_DOCUMENTATION_COMMENTS = YES;
				CLANG_WARN_EMPTY_BODY = YES;
				CLANG_WARN_ENUM_CONVERSION = YES;
				CLANG_WARN_INFINITE_RECURSION = YES;
				CLANG_WARN_INT_CONVERSION = YES;
				CLANG_WARN_NON_LITERAL_NULL_CONVERSION = YES;
				CLANG_WARN_OBJC_IMPLICIT_RETAIN_SELF = YES;
				CLANG_WARN_OBJC_LITERAL_CONVERSION = YES;
				CLANG_WARN_OBJC_ROOT_CLASS = YES_ERROR;
				CLANG_WARN_QUOTED_INCLUDE_IN_FRAMEWORK_HEADER = YES;
				CLANG_WARN_RANGE_LOOP_ANALYSIS = YES;
				CLANG_WARN_STRICT_PROTOTYPES = YES;
				CLANG_WARN_SUSPICIOUS_MOVE = YES;
				CLANG_WARN_UNGUARDED_AVAILABILITY = YES_AGGRESSIVE;
				CLANG_WARN_UNREACHABLE_CODE = YES;
				CLANG_WARN__DUPLICATE_METHOD_MATCH = YES;
				COPY_PHASE_STRIP = NO;
				DEBUG_INFORMATION_FORMAT = dwarf;
				ENABLE_STRICT_OBJC_MSGSEND = YES;
				ENABLE_TESTABILITY = YES;
				GCC_C_LANGUAGE_STANDARD = gnu11;
				GCC_DYNAMIC_NO_PIC = NO;
				GCC_NO_COMMON_BLOCKS = YES;
				GCC_OPTIMIZATION_LEVEL = 0;
				GCC_PREPROCESSOR_DEFINITIONS = (
					"DEBUG=1",
					"$(inherited)",
				);
				GCC_WARN_64_TO_32_BIT_CONVERSION = YES;
				GCC_WARN_ABOUT_RETURN_TYPE = YES_ERROR;
				GCC_WARN_UNDECLARED_SELECTOR = YES;
				GCC_WARN_UNINITIALIZED_AUTOS = YES_AGGRESSIVE;
				GCC_WARN_UNUSED_FUNCTION = YES;
				GCC_WARN_UNUSED_VARIABLE = YES;
				IPHONEOS_DEPLOYMENT_TARGET = 14.2;
				MTL_ENABLE_DEBUG_INFO = INCLUDE_SOURCE;
				MTL_FAST_MATH = YES;
				ONLY_ACTIVE_ARCH = YES;
				SDKROOT = iphoneos;
				SWIFT_ACTIVE_COMPILATION_CONDITIONS = DEBUG;
				SWIFT_OPTIMIZATION_LEVEL = "-Onone";
			};
			name = Debug;
		};
		861BD5AD2565908400E17908 /* Release */ = {
			isa = XCBuildConfiguration;
			buildSettings = {
				ALWAYS_SEARCH_USER_PATHS = NO;
				CLANG_ANALYZER_NONNULL = YES;
				CLANG_ANALYZER_NUMBER_OBJECT_CONVERSION = YES_AGGRESSIVE;
				CLANG_CXX_LANGUAGE_STANDARD = "gnu++14";
				CLANG_CXX_LIBRARY = "libc++";
				CLANG_ENABLE_MODULES = YES;
				CLANG_ENABLE_OBJC_ARC = YES;
				CLANG_ENABLE_OBJC_WEAK = YES;
				CLANG_WARN_BLOCK_CAPTURE_AUTORELEASING = YES;
				CLANG_WARN_BOOL_CONVERSION = YES;
				CLANG_WARN_COMMA = YES;
				CLANG_WARN_CONSTANT_CONVERSION = YES;
				CLANG_WARN_DEPRECATED_OBJC_IMPLEMENTATIONS = YES;
				CLANG_WARN_DIRECT_OBJC_ISA_USAGE = YES_ERROR;
				CLANG_WARN_DOCUMENTATION_COMMENTS = YES;
				CLANG_WARN_EMPTY_BODY = YES;
				CLANG_WARN_ENUM_CONVERSION = YES;
				CLANG_WARN_INFINITE_RECURSION = YES;
				CLANG_WARN_INT_CONVERSION = YES;
				CLANG_WARN_NON_LITERAL_NULL_CONVERSION = YES;
				CLANG_WARN_OBJC_IMPLICIT_RETAIN_SELF = YES;
				CLANG_WARN_OBJC_LITERAL_CONVERSION = YES;
				CLANG_WARN_OBJC_ROOT_CLASS = YES_ERROR;
				CLANG_WARN_QUOTED_INCLUDE_IN_FRAMEWORK_HEADER = YES;
				CLANG_WARN_RANGE_LOOP_ANALYSIS = YES;
				CLANG_WARN_STRICT_PROTOTYPES = YES;
				CLANG_WARN_SUSPICIOUS_MOVE = YES;
				CLANG_WARN_UNGUARDED_AVAILABILITY = YES_AGGRESSIVE;
				CLANG_WARN_UNREACHABLE_CODE = YES;
				CLANG_WARN__DUPLICATE_METHOD_MATCH = YES;
				COPY_PHASE_STRIP = NO;
				DEBUG_INFORMATION_FORMAT = "dwarf-with-dsym";
				ENABLE_NS_ASSERTIONS = NO;
				ENABLE_STRICT_OBJC_MSGSEND = YES;
				GCC_C_LANGUAGE_STANDARD = gnu11;
				GCC_NO_COMMON_BLOCKS = YES;
				GCC_WARN_64_TO_32_BIT_CONVERSION = YES;
				GCC_WARN_ABOUT_RETURN_TYPE = YES_ERROR;
				GCC_WARN_UNDECLARED_SELECTOR = YES;
				GCC_WARN_UNINITIALIZED_AUTOS = YES_AGGRESSIVE;
				GCC_WARN_UNUSED_FUNCTION = YES;
				GCC_WARN_UNUSED_VARIABLE = YES;
				IPHONEOS_DEPLOYMENT_TARGET = 14.2;
				MTL_ENABLE_DEBUG_INFO = NO;
				MTL_FAST_MATH = YES;
				SDKROOT = iphoneos;
				SWIFT_COMPILATION_MODE = wholemodule;
				SWIFT_OPTIMIZATION_LEVEL = "-O";
				VALIDATE_PRODUCT = YES;
			};
			name = Release;
		};
		861BD5AF2565908400E17908 /* Debug */ = {
			isa = XCBuildConfiguration;
			baseConfigurationReference = DA8BBED780ADED69DA691F26 /* Pods-FinancialElephant.debug.xcconfig */;
			buildSettings = {
				ASSETCATALOG_COMPILER_APPICON_NAME = AppIcon;
				ASSETCATALOG_COMPILER_GLOBAL_ACCENT_COLOR_NAME = AccentColor;
				CODE_SIGN_STYLE = Automatic;
				DEVELOPMENT_TEAM = N7NDANCZ5Q;
				INFOPLIST_FILE = FinancialElephant/Info.plist;
				IPHONEOS_DEPLOYMENT_TARGET = 13.0;
				LD_RUNPATH_SEARCH_PATHS = (
					"$(inherited)",
					"@executable_path/Frameworks",
				);
				PRODUCT_BUNDLE_IDENTIFIER = com.magicDevs.testF;
				PRODUCT_NAME = "$(TARGET_NAME)";
				SWIFT_VERSION = 5.0;
				TARGETED_DEVICE_FAMILY = "1,2";
			};
			name = Debug;
		};
		861BD5B02565908400E17908 /* Release */ = {
			isa = XCBuildConfiguration;
			baseConfigurationReference = 9D128C01CD57DEBBE21D2099 /* Pods-FinancialElephant.release.xcconfig */;
			buildSettings = {
				ASSETCATALOG_COMPILER_APPICON_NAME = AppIcon;
				ASSETCATALOG_COMPILER_GLOBAL_ACCENT_COLOR_NAME = AccentColor;
				CODE_SIGN_STYLE = Automatic;
				DEVELOPMENT_TEAM = N7NDANCZ5Q;
				INFOPLIST_FILE = FinancialElephant/Info.plist;
				IPHONEOS_DEPLOYMENT_TARGET = 13.0;
				LD_RUNPATH_SEARCH_PATHS = (
					"$(inherited)",
					"@executable_path/Frameworks",
				);
				PRODUCT_BUNDLE_IDENTIFIER = com.magicDevs.testF;
				PRODUCT_NAME = "$(TARGET_NAME)";
				SWIFT_VERSION = 5.0;
				TARGETED_DEVICE_FAMILY = "1,2";
			};
			name = Release;
		};
/* End XCBuildConfiguration section */

/* Begin XCConfigurationList section */
		861BD5952565908300E17908 /* Build configuration list for PBXProject "FinancialElephant" */ = {
			isa = XCConfigurationList;
			buildConfigurations = (
				861BD5AC2565908400E17908 /* Debug */,
				861BD5AD2565908400E17908 /* Release */,
			);
			defaultConfigurationIsVisible = 0;
			defaultConfigurationName = Release;
		};
		861BD5AE2565908400E17908 /* Build configuration list for PBXNativeTarget "FinancialElephant" */ = {
			isa = XCConfigurationList;
			buildConfigurations = (
				861BD5AF2565908400E17908 /* Debug */,
				861BD5B02565908400E17908 /* Release */,
			);
			defaultConfigurationIsVisible = 0;
			defaultConfigurationName = Release;
		};
/* End XCConfigurationList section */
	};
	rootObject = 861BD5922565908300E17908 /* Project object */;
}
